{
  "requires": true,
  "lockfileVersion": 1,
  "dependencies": {
    "co": {
      "version": "4.6.0",
      "resolved": "https://registry.npmjs.org/co/-/co-4.6.0.tgz",
      "integrity": "sha1-bqa989hTrlTMuOR7+gvz+QMfsYQ="
    },
    "fs-readfile-promise": {
      "version": "3.0.1",
      "resolved": "https://registry.npmjs.org/fs-readfile-promise/-/fs-readfile-promise-3.0.1.tgz",
      "integrity": "sha512-LsSxMeaJdYH27XrW7Dmq0Gx63mioULCRel63B5VeELYLavi1wF5s0XfsIdKDFdCL9hsfQ2qBvXJszQtQJ9h17A==",
      "requires": {
        "graceful-fs": "^4.1.11"
      }
    },
    "graceful-fs": {
      "version": "4.2.6",
      "resolved": "https://registry.npmjs.org/graceful-fs/-/graceful-fs-4.2.6.tgz",
      "integrity": "sha512-nTnJ528pbqxYanhpDYsi4Rd8MAeaBA67+RZ10CM1m3bTAVFEDcd5AuA4a6W5YkGZ1iNXHzZz8T6TBKLeBuNriQ=="
    }
  }
}
